{
  "requires": true,
  "lockfileVersion": 1,
  "dependencies": {
    "gitbook-plugin-donate": {
      "version": "1.0.2",
      "resolved": "https://registry.npmjs.org/gitbook-plugin-donate/-/gitbook-plugin-donate-1.0.2.tgz",
      "integrity": "sha1-telSLNaTFY4a/ueAtfATk/0yP2Q="
    },
    "gitbook-plugin-edit-link-plus": {
      "version": "0.1.1",
      "resolved": "https://registry.npmjs.org/gitbook-plugin-edit-link-plus/-/gitbook-plugin-edit-link-plus-0.1.1.tgz",
      "integrity": "sha512-1P5cXngXCKikqFMiK2cPFKoL/RAvlCaG1zzfU/k95S2hi4aHlTHFmLtBMgzkx3+llCT4cEoer5LpQan3+g7Ycg=="
    },
    "gitbook-plugin-livereload": {
      "version": "0.0.1",
      "resolved": "https://registry.npmjs.org/gitbook-plugin-livereload/-/gitbook-plugin-livereload-0.0.1.tgz",
      "integrity": "sha1-wMncb1X4L8JPl1MrJSh6u7tBa5Y="
    }
  }
}
